
Microsoft Visual Studio Solution File, Format Version 12.00
# Visual Studio Version 17
VisualStudioVersion = 17.0.31903.59
MinimumVisualStudioVersion = 10.0.40219.1
Project("{FAE04EC0-301F-11D3-BF4B-00C04F79EFBC}") = "YoutubePlayer", "YoutubePlayer\YoutubePlayer.csproj", "{17DE0FE3-FF06-4699-B570-72E12859E6A8}"
EndProject
Project("{FAE04EC0-301F-11D3-BF4B-00C04F79EFBC}") = "Maui.Apps.Framework", "Maui.Apps.Framework\Maui.Apps.Framework.csproj", "{0A141108-BF60-4D32-9FE6-4C1994104480}"
EndProject
Global
	GlobalSection(SolutionConfigurationPlatforms) = preSolution
		Debug|Any CPU = Debug|Any CPU
		Release|Any CPU = Release|Any CPU
	EndGlobalSection
	GlobalSection(ProjectConfigurationPlatforms) = postSolution
		{17DE0FE3-FF06-4699-B570-72E12859E6A8}.Debug|Any CPU.ActiveCfg = Debug|Any CPU
		{17DE0FE3-FF06-4699-B570-72E12859E6A8}.Debug|Any CPU.Build.0 = Debug|Any CPU
		{17DE0FE3-FF06-4699-B570-72E12859E6A8}.Debug|Any CPU.Deploy.0 = Debug|Any CPU
		{17DE0FE3-FF06-4699-B570-72E12859E6A8}.Release|Any CPU.ActiveCfg = Release|Any CPU
		{17DE0FE3-FF06-4699-B570-72E12859E6A8}.Release|Any CPU.Build.0 = Release|Any CPU
		{17DE0FE3-FF06-4699-B570-72E12859E6A8}.Release|Any CPU.Deploy.0 = Release|Any CPU
		{0A141108-BF60-4D32-9FE6-4C1994104480}.Debug|Any CPU.ActiveCfg = Debug|Any CPU
		{0A141108-BF60-4D32-9FE6-4C1994104480}.Debug|Any CPU.Build.0 = Debug|Any CPU
		{0A141108-BF60-4D32-9FE6-4C1994104480}.Release|Any CPU.ActiveCfg = Release|Any CPU
		{0A141108-BF60-4D32-9FE6-4C1994104480}.Release|Any CPU.Build.0 = Release|Any CPU
	EndGlobalSection
	GlobalSection(SolutionProperties) = preSolution
		HideSolutionNode = FALSE
	EndGlobalSection
	GlobalSection(ExtensibilityGlobals) = postSolution
		SolutionGuid = {2E925952-0C40-455E-918A-7694DE13F74A}
	EndGlobalSection
EndGlobal
